
Microsoft Visual Studio Solution File, Format Version 12.00
# Visual Studio Version 17
VisualStudioVersion = 17.12.35309.182
MinimumVisualStudioVersion = 10.0.40219.1
Project("{FAE04EC0-301F-11D3-BF4B-00C04F79EFBC}") = "TestFileGenerator", "TestFileGenerator\TestFileGenerator.csproj", "{A7561EF2-703F-44E6-ADF4-88E2AB814D71}"
EndProject
Project("{FAE04EC0-301F-11D3-BF4B-00C04F79EFBC}") = "LargeFileSorter", "LargeFileSorter\LargeFileSorter.csproj", "{4DF35922-6EF9-46AC-9DB9-3957236503DE}"
EndProject
Global
	GlobalSection(SolutionConfigurationPlatforms) = preSolution
		Debug|Any CPU = Debug|Any CPU
		Release|Any CPU = Release|Any CPU
	EndGlobalSection
	GlobalSection(ProjectConfigurationPlatforms) = postSolution
		{A7561EF2-703F-44E6-ADF4-88E2AB814D71}.Debug|Any CPU.ActiveCfg = Debug|Any CPU
		{A7561EF2-703F-44E6-ADF4-88E2AB814D71}.Debug|Any CPU.Build.0 = Debug|Any CPU
		{A7561EF2-703F-44E6-ADF4-88E2AB814D71}.Release|Any CPU.ActiveCfg = Release|Any CPU
		{A7561EF2-703F-44E6-ADF4-88E2AB814D71}.Release|Any CPU.Build.0 = Release|Any CPU
		{4DF35922-6EF9-46AC-9DB9-3957236503DE}.Debug|Any CPU.ActiveCfg = Debug|Any CPU
		{4DF35922-6EF9-46AC-9DB9-3957236503DE}.Debug|Any CPU.Build.0 = Debug|Any CPU
		{4DF35922-6EF9-46AC-9DB9-3957236503DE}.Release|Any CPU.ActiveCfg = Release|Any CPU
		{4DF35922-6EF9-46AC-9DB9-3957236503DE}.Release|Any CPU.Build.0 = Release|Any CPU
	EndGlobalSection
	GlobalSection(SolutionProperties) = preSolution
		HideSolutionNode = FALSE
	EndGlobalSection
	GlobalSection(ExtensibilityGlobals) = postSolution
		SolutionGuid = {65DE7F7B-9990-4794-941B-7D298BB711B4}
	EndGlobalSection
EndGlobal
